
Microsoft Visual Studio Solution File, Format Version 12.00
# Visual Studio Version 16
VisualStudioVersion = 16.0.31911.196
MinimumVisualStudioVersion = 10.0.40219.1
Project("{FAE04EC0-301F-11D3-BF4B-00C04F79EFBC}") = "MeatDeptOrderSystem", "MeatDeptOrderSystem\MeatDeptOrderSystem.csproj", "{99720F91-E220-4F88-B286-210C0FF60B46}"
EndProject
Global
	GlobalSection(SolutionConfigurationPlatforms) = preSolution
		Debug|Any CPU = Debug|Any CPU
		Release|Any CPU = Release|Any CPU
	EndGlobalSection
	GlobalSection(ProjectConfigurationPlatforms) = postSolution
		{99720F91-E220-4F88-B286-210C0FF60B46}.Debug|Any CPU.ActiveCfg = Debug|Any CPU
		{99720F91-E220-4F88-B286-210C0FF60B46}.Debug|Any CPU.Build.0 = Debug|Any CPU
		{99720F91-E220-4F88-B286-210C0FF60B46}.Release|Any CPU.ActiveCfg = Release|Any CPU
		{99720F91-E220-4F88-B286-210C0FF60B46}.Release|Any CPU.Build.0 = Release|Any CPU
	EndGlobalSection
	GlobalSection(SolutionProperties) = preSolution
		HideSolutionNode = FALSE
	EndGlobalSection
	GlobalSection(ExtensibilityGlobals) = postSolution
		SolutionGuid = {845B06AB-1597-403C-B167-6CDCE3E8399F}
	EndGlobalSection
EndGlobal
